// !$*UTF8*$!
{
	archiveVersion = 1;
	classes = {
	};
	objectVersion = 50;
	objects = {

/* Begin PBXBuildFile section */
		AC04A27121F5CEAF00E374C2 /* CatagoryViewController.swift in Sources */ = {isa = PBXBuildFile; fileRef = AC04A27021F5CEAF00E374C2 /* CatagoryViewController.swift */; };
		AC24D0BA21F460A7006E3878 /* AppDelegate.swift in Sources */ = {isa = PBXBuildFile; fileRef = AC24D0B921F460A7006E3878 /* AppDelegate.swift */; };
		AC24D0BC21F460A7006E3878 /* TodolistViewController.swift in Sources */ = {isa = PBXBuildFile; fileRef = AC24D0BB21F460A7006E3878 /* TodolistViewController.swift */; };
		AC24D0BF21F460A7006E3878 /* Main.storyboard in Resources */ = {isa = PBXBuildFile; fileRef = AC24D0BD21F460A7006E3878 /* Main.storyboard */; };
		AC24D0C121F460A8006E3878 /* Assets.xcassets in Resources */ = {isa = PBXBuildFile; fileRef = AC24D0C021F460A8006E3878 /* Assets.xcassets */; };
		AC24D0C421F460A8006E3878 /* LaunchScreen.storyboard in Resources */ = {isa = PBXBuildFile; fileRef = AC24D0C221F460A8006E3878 /* LaunchScreen.storyboard */; };
		AC24D0D321F4F5AB006E3878 /* DataModel.xcdatamodeld in Sources */ = {isa = PBXBuildFile; fileRef = AC24D0D121F4F5AB006E3878 /* DataModel.xcdatamodeld */; };
/* End PBXBuildFile section */

/* Begin PBXFileReference section */
		AC04A27021F5CEAF00E374C2 /* CatagoryViewController.swift */ = {isa = PBXFileReference; lastKnownFileType = sourcecode.swift; path = CatagoryViewController.swift; sourceTree = "<group>"; };
		AC24D0B621F460A7006E3878 /* Todoey.app */ = {isa = PBXFileReference; explicitFileType = wrapper.application; includeInIndex = 0; path = Todoey.app; sourceTree = BUILT_PRODUCTS_DIR; };
		AC24D0B921F460A7006E3878 /* AppDelegate.swift */ = {isa = PBXFileReference; lastKnownFileType = sourcecode.swift; path = AppDelegate.swift; sourceTree = "<group>"; };
		AC24D0BB21F460A7006E3878 /* TodolistViewController.swift */ = {isa = PBXFileReference; lastKnownFileType = sourcecode.swift; path = TodolistViewController.swift; sourceTree = "<group>"; };
		AC24D0BE21F460A7006E3878 /* Base */ = {isa = PBXFileReference; lastKnownFileType = file.storyboard; name = Base; path = Base.lproj/Main.storyboard; sourceTree = "<group>"; };
		AC24D0C021F460A8006E3878 /* Assets.xcassets */ = {isa = PBXFileReference; lastKnownFileType = folder.assetcatalog; path = Assets.xcassets; sourceTree = "<group>"; };
		AC24D0C321F460A8006E3878 /* Base */ = {isa = PBXFileReference; lastKnownFileType = file.storyboard; name = Base; path = Base.lproj/LaunchScreen.storyboard; sourceTree = "<group>"; };
		AC24D0C521F460A8006E3878 /* Info.plist */ = {isa = PBXFileReference; lastKnownFileType = text.plist.xml; path = Info.plist; sourceTree = "<group>"; };
		AC24D0D221F4F5AB006E3878 /* DataModel.xcdatamodel */ = {isa = PBXFileReference; lastKnownFileType = wrapper.xcdatamodel; path = DataModel.xcdatamodel; sourceTree = "<group>"; };
/* End PBXFileReference section */

/* Begin PBXFrameworksBuildPhase section */
		AC24D0B321F460A7006E3878 /* Frameworks */ = {
			isa = PBXFrameworksBuildPhase;
			buildActionMask = 2147483647;
			files = (
			);
			runOnlyForDeploymentPostprocessing = 0;
		};
/* End PBXFrameworksBuildPhase section */

/* Begin PBXGroup section */
		AC24D0AD21F460A7006E3878 = {
			isa = PBXGroup;
			children = (
				AC24D0B821F460A7006E3878 /* Todoey */,
				AC24D0B721F460A7006E3878 /* Products */,
			);
			sourceTree = "<group>";
		};
		AC24D0B721F460A7006E3878 /* Products */ = {
			isa = PBXGroup;
			children = (
				AC24D0B621F460A7006E3878 /* Todoey.app */,
			);
			name = Products;
			sourceTree = "<group>";
		};
		AC24D0B821F460A7006E3878 /* Todoey */ = {
			isa = PBXGroup;
			children = (
				AC24D0B921F460A7006E3878 /* AppDelegate.swift */,
				AC24D0CD21F4A729006E3878 /* Data Model */,
				AC24D0CE21F4A754006E3878 /* Controllers */,
				AC24D0CF21F4A78D006E3878 /* Views */,
				AC24D0D021F4A7A5006E3878 /* Supporting Files */,
				AC24D0C521F460A8006E3878 /* Info.plist */,
			);
			path = Todoey;
			sourceTree = "<group>";
		};
		AC24D0CD21F4A729006E3878 /* Data Model */ = {
			isa = PBXGroup;
			children = (
				AC24D0D121F4F5AB006E3878 /* DataModel.xcdatamodeld */,
			);
			path = "Data Model";
			sourceTree = "<group>";
		};
		AC24D0CE21F4A754006E3878 /* Controllers */ = {
			isa = PBXGroup;
			children = (
				AC04A27021F5CEAF00E374C2 /* CatagoryViewController.swift */,
				AC24D0BB21F460A7006E3878 /* TodolistViewController.swift */,
			);
			path = Controllers;
			sourceTree = "<group>";
		};
		AC24D0CF21F4A78D006E3878 /* Views */ = {
			isa = PBXGroup;
			children = (
				AC24D0BD21F460A7006E3878 /* Main.storyboard */,
			);
			path = Views;
			sourceTree = "<group>";
		};
		AC24D0D021F4A7A5006E3878 /* Supporting Files */ = {
			isa = PBXGroup;
			children = (
				AC24D0C021F460A8006E3878 /* Assets.xcassets */,
				AC24D0C221F460A8006E3878 /* LaunchScreen.storyboard */,
			);
			path = "Supporting Files";
			sourceTree = "<group>";
		};
/* End PBXGroup section */

/* Begin PBXNativeTarget section */
		AC24D0B521F460A7006E3878 /* Todoey */ = {
			isa = PBXNativeTarget;
			buildConfigurationList = AC24D0C821F460A8006E3878 /* Build configuration list for PBXNativeTarget "Todoey" */;
			buildPhases = (
				AC24D0B221F460A7006E3878 /* Sources */,
				AC24D0B321F460A7006E3878 /* Frameworks */,
				AC24D0B421F460A7006E3878 /* Resources */,
			);
			buildRules = (
			);
			dependencies = (
			);
			name = Todoey;
			productName = Todoey;
			productReference = AC24D0B621F460A7006E3878 /* Todoey.app */;
			productType = "com.apple.product-type.application";
		};
/* End PBXNativeTarget section */

/* Begin PBXProject section */
		AC24D0AE21F460A7006E3878 /* Project object */ = {
			isa = PBXProject;
			attributes = {
				LastSwiftUpdateCheck = 1010;
				LastUpgradeCheck = 1010;
				ORGANIZATIONNAME = Guest;
				TargetAttributes = {
					AC24D0B521F460A7006E3878 = {
						CreatedOnToolsVersion = 10.1;
					};
				};
			};
			buildConfigurationList = AC24D0B121F460A7006E3878 /* Build configuration list for PBXProject "Todoey" */;
			compatibilityVersion = "Xcode 9.3";
			developmentRegion = en;
			hasScannedForEncodings = 0;
			knownRegions = (
				en,
				Base,
			);
			mainGroup = AC24D0AD21F460A7006E3878;
			productRefGroup = AC24D0B721F460A7006E3878 /* Products */;
			projectDirPath = "";
			projectRoot = "";
			targets = (
				AC24D0B521F460A7006E3878 /* Todoey */,
			);
		};
/* End PBXProject section */

/* Begin PBXResourcesBuildPhase section */
		AC24D0B421F460A7006E3878 /* Resources */ = {
			isa = PBXResourcesBuildPhase;
			buildActionMask = 2147483647;
			files = (
				AC24D0C421F460A8006E3878 /* LaunchScreen.storyboard in Resources */,
				AC24D0C121F460A8006E3878 /* Assets.xcassets in Resources */,
				AC24D0BF21F460A7006E3878 /* Main.storyboard in Resources */,
			);
			runOnlyForDeploymentPostprocessing = 0;
		};
/* End PBXResourcesBuildPhase section */

/* Begin PBXSourcesBuildPhase section */
		AC24D0B221F460A7006E3878 /* Sources */ = {
			isa = PBXSourcesBuildPhase;
			buildActionMask = 2147483647;
			files = (
				AC04A27121F5CEAF00E374C2 /* CatagoryViewController.swift in Sources */,
				AC24D0BC21F460A7006E3878 /* TodolistViewController.swift in Sources */,
				AC24D0D321F4F5AB006E3878 /* DataModel.xcdatamodeld in Sources */,
				AC24D0BA21F460A7006E3878 /* AppDelegate.swift in Sources */,
			);
			runOnlyForDeploymentPostprocessing = 0;
		};
/* End PBXSourcesBuildPhase section */

/* Begin PBXVariantGroup section */
		AC24D0BD21F460A7006E3878 /* Main.storyboard */ = {
			isa = PBXVariantGroup;
			children = (
				AC24D0BE21F460A7006E3878 /* Base */,
			);
			name = Main.storyboard;
			sourceTree = "<group>";
		};
		AC24D0C221F460A8006E3878 /* LaunchScreen.storyboard */ = {
			isa = PBXVariantGroup;
			children = (
				AC24D0C321F460A8006E3878 /* Base */,
			);
			name = LaunchScreen.storyboard;
			sourceTree = "<group>";
		};
/* End PBXVariantGroup section */

/* Begin XCBuildConfiguration section */
		AC24D0C621F460A8006E3878 /* Debug */ = {
			isa = XCBuildConfiguration;
			buildSettings = {
				ALWAYS_SEARCH_USER_PATHS = NO;
				CLANG_ANALYZER_NONNULL = YES;
				CLANG_ANALYZER_NUMBER_OBJECT_CONVERSION = YES_AGGRESSIVE;
				CLANG_CXX_LANGUAGE_STANDARD = "gnu++14";
				CLANG_CXX_LIBRARY = "libc++";
				CLANG_ENABLE_MODULES = YES;
				CLANG_ENABLE_OBJC_ARC = YES;
				CLANG_ENABLE_OBJC_WEAK = YES;
				CLANG_WARN_BLOCK_CAPTURE_AUTORELEASING = YES;
				CLANG_WARN_BOOL_CONVERSION = YES;
				CLANG_WARN_COMMA = YES;
				CLANG_WARN_CONSTANT_CONVERSION = YES;
				CLANG_WARN_DEPRECATED_OBJC_IMPLEMENTATIONS = YES;
				CLANG_WARN_DIRECT_OBJC_ISA_USAGE = YES_ERROR;
				CLANG_WARN_DOCUMENTATION_COMMENTS = YES;
				CLANG_WARN_EMPTY_BODY = YES;
				CLANG_WARN_ENUM_CONVERSION = YES;
				CLANG_WARN_INFINITE_RECURSION = YES;
				CLANG_WARN_INT_CONVERSION = YES;
				CLANG_WARN_NON_LITERAL_NULL_CONVERSION = YES;
				CLANG_WARN_OBJC_IMPLICIT_RETAIN_SELF = YES;
				CLANG_WARN_OBJC_LITERAL_CONVERSION = YES;
				CLANG_WARN_OBJC_ROOT_CLASS = YES_ERROR;
				CLANG_WARN_RANGE_LOOP_ANALYSIS = YES;
				CLANG_WARN_STRICT_PROTOTYPES = YES;
				CLANG_WARN_SUSPICIOUS_MOVE = YES;
				CLANG_WARN_UNGUARDED_AVAILABILITY = YES_AGGRESSIVE;
				CLANG_WARN_UNREACHABLE_CODE = YES;
				CLANG_WARN__DUPLICATE_METHOD_MATCH = YES;
				CODE_SIGN_IDENTITY = "iPhone Developer";
				COPY_PHASE_STRIP = NO;
				DEBUG_INFORMATION_FORMAT = dwarf;
				ENABLE_STRICT_OBJC_MSGSEND = YES;
				ENABLE_TESTABILITY = YES;
				GCC_C_LANGUAGE_STANDARD = gnu11;
				GCC_DYNAMIC_NO_PIC = NO;
				GCC_NO_COMMON_BLOCKS = YES;
				GCC_OPTIMIZATION_LEVEL = 0;
				GCC_PREPROCESSOR_DEFINITIONS = (
					"DEBUG=1",
					"$(inherited)",
				);
				GCC_WARN_64_TO_32_BIT_CONVERSION = YES;
				GCC_WARN_ABOUT_RETURN_TYPE = YES_ERROR;
				GCC_WARN_UNDECLARED_SELECTOR = YES;
				GCC_WARN_UNINITIALIZED_AUTOS = YES_AGGRESSIVE;
				GCC_WARN_UNUSED_FUNCTION = YES;
				GCC_WARN_UNUSED_VARIABLE = YES;
				IPHONEOS_DEPLOYMENT_TARGET = 12.1;
				MTL_ENABLE_DEBUG_INFO = INCLUDE_SOURCE;
				MTL_FAST_MATH = YES;
				ONLY_ACTIVE_ARCH = YES;
				SDKROOT = iphoneos;
				SWIFT_ACTIVE_COMPILATION_CONDITIONS = DEBUG;
				SWIFT_OPTIMIZATION_LEVEL = "-Onone";
			};
			name = Debug;
		};
		AC24D0C721F460A8006E3878 /* Release */ = {
			isa = XCBuildConfiguration;
			buildSettings = {
				ALWAYS_SEARCH_USER_PATHS = NO;
				CLANG_ANALYZER_NONNULL = YES;
				CLANG_ANALYZER_NUMBER_OBJECT_CONVERSION = YES_AGGRESSIVE;
				CLANG_CXX_LANGUAGE_STANDARD = "gnu++14";
				CLANG_CXX_LIBRARY = "libc++";
				CLANG_ENABLE_MODULES = YES;
				CLANG_ENABLE_OBJC_ARC = YES;
				CLANG_ENABLE_OBJC_WEAK = YES;
				CLANG_WARN_BLOCK_CAPTURE_AUTORELEASING = YES;
				CLANG_WARN_BOOL_CONVERSION = YES;
				CLANG_WARN_COMMA = YES;
				CLANG_WARN_CONSTANT_CONVERSION = YES;
				CLANG_WARN_DEPRECATED_OBJC_IMPLEMENTATIONS = YES;
				CLANG_WARN_DIRECT_OBJC_ISA_USAGE = YES_ERROR;
				CLANG_WARN_DOCUMENTATION_COMMENTS = YES;
				CLANG_WARN_EMPTY_BODY = YES;
				CLANG_WARN_ENUM_CONVERSION = YES;
				CLANG_WARN_INFINITE_RECURSION = YES;
				CLANG_WARN_INT_CONVERSION = YES;
				CLANG_WARN_NON_LITERAL_NULL_CONVERSION = YES;
				CLANG_WARN_OBJC_IMPLICIT_RETAIN_SELF = YES;
				CLANG_WARN_OBJC_LITERAL_CONVERSION = YES;
				CLANG_WARN_OBJC_ROOT_CLASS = YES_ERROR;
				CLANG_WARN_RANGE_LOOP_ANALYSIS = YES;
				CLANG_WARN_STRICT_PROTOTYPES = YES;
				CLANG_WARN_SUSPICIOUS_MOVE = YES;
				CLANG_WARN_UNGUARDED_AVAILABILITY = YES_AGGRESSIVE;
				CLANG_WARN_UNREACHABLE_CODE = YES;
				CLANG_WARN__DUPLICATE_METHOD_MATCH = YES;
				CODE_SIGN_IDENTITY = "iPhone Developer";
				COPY_PHASE_STRIP = NO;
				DEBUG_INFORMATION_FORMAT = "dwarf-with-dsym";
				ENABLE_NS_ASSERTIONS = NO;
				ENABLE_STRICT_OBJC_MSGSEND = YES;
				GCC_C_LANGUAGE_STANDARD = gnu11;
				GCC_NO_COMMON_BLOCKS = YES;
				GCC_WARN_64_TO_32_BIT_CONVERSION = YES;
				GCC_WARN_ABOUT_RETURN_TYPE = YES_ERROR;
				GCC_WARN_UNDECLARED_SELECTOR = YES;
				GCC_WARN_UNINITIALIZED_AUTOS = YES_AGGRESSIVE;
				GCC_WARN_UNUSED_FUNCTION = YES;
				GCC_WARN_UNUSED_VARIABLE = YES;
				IPHONEOS_DEPLOYMENT_TARGET = 12.1;
				MTL_ENABLE_DEBUG_INFO = NO;
				MTL_FAST_MATH = YES;
				SDKROOT = iphoneos;
				SWIFT_COMPILATION_MODE = wholemodule;
				SWIFT_OPTIMIZATION_LEVEL = "-O";
				VALIDATE_PRODUCT = YES;
			};
			name = Release;
		};
		AC24D0C921F460A8006E3878 /* Debug */ = {
			isa = XCBuildConfiguration;
			buildSettings = {
				ASSETCATALOG_COMPILER_APPICON_NAME = AppIcon;
				CODE_SIGN_IDENTITY = "iPhone Developer";
				CODE_SIGN_STYLE = Automatic;
				DEVELOPMENT_TEAM = "";
				INFOPLIST_FILE = Todoey/Info.plist;
				LD_RUNPATH_SEARCH_PATHS = (
					"$(inherited)",
					"@executable_path/Frameworks",
				);
				PRODUCT_BUNDLE_IDENTIFIER = "com.ios-dev.Todoey";
				PRODUCT_NAME = "$(TARGET_NAME)";
				PROVISIONING_PROFILE_SPECIFIER = "";
				SWIFT_VERSION = 4.2;
				TARGETED_DEVICE_FAMILY = "1,2";
			};
			name = Debug;
		};
		AC24D0CA21F460A8006E3878 /* Release */ = {
			isa = XCBuildConfiguration;
			buildSettings = {
				ASSETCATALOG_COMPILER_APPICON_NAME = AppIcon;
				CODE_SIGN_IDENTITY = "iPhone Developer";
				CODE_SIGN_STYLE = Automatic;
				DEVELOPMENT_TEAM = "";
				INFOPLIST_FILE = Todoey/Info.plist;
				LD_RUNPATH_SEARCH_PATHS = (
					"$(inherited)",
					"@executable_path/Frameworks",
				);
				PRODUCT_BUNDLE_IDENTIFIER = "com.ios-dev.Todoey";
				PRODUCT_NAME = "$(TARGET_NAME)";
				PROVISIONING_PROFILE_SPECIFIER = "";
				SWIFT_VERSION = 4.2;
				TARGETED_DEVICE_FAMILY = "1,2";
			};
			name = Release;
		};
/* End XCBuildConfiguration section */

/* Begin XCConfigurationList section */
		AC24D0B121F460A7006E3878 /* Build configuration list for PBXProject "Todoey" */ = {
			isa = XCConfigurationList;
			buildConfigurations = (
				AC24D0C621F460A8006E3878 /* Debug */,
				AC24D0C721F460A8006E3878 /* Release */,
			);
			defaultConfigurationIsVisible = 0;
			defaultConfigurationName = Release;
		};
		AC24D0C821F460A8006E3878 /* Build configuration list for PBXNativeTarget "Todoey" */ = {
			isa = XCConfigurationList;
			buildConfigurations = (
				AC24D0C921F460A8006E3878 /* Debug */,
				AC24D0CA21F460A8006E3878 /* Release */,
			);
			defaultConfigurationIsVisible = 0;
			defaultConfigurationName = Release;
		};
/* End XCConfigurationList section */

/* Begin XCVersionGroup section */
		AC24D0D121F4F5AB006E3878 /* DataModel.xcdatamodeld */ = {
			isa = XCVersionGroup;
			children = (
				AC24D0D221F4F5AB006E3878 /* DataModel.xcdatamodel */,
			);
			currentVersion = AC24D0D221F4F5AB006E3878 /* DataModel.xcdatamodel */;
			path = DataModel.xcdatamodeld;
			sourceTree = "<group>";
			versionGroupType = wrapper.xcdatamodel;
		};
/* End XCVersionGroup section */
	};
	rootObject = AC24D0AE21F460A7006E3878 /* Project object */;
}
